
Microsoft Visual Studio Solution File, Format Version 12.00
# Visual Studio 15
VisualStudioVersion = 15.0.26430.16
MinimumVisualStudioVersion = 10.0.40219.1
Project("{FAE04EC0-301F-11D3-BF4B-00C04F79EFBC}") = "invertMD5HashCSharp", "invertMD5HashCSharp\invertMD5HashCSharp.csproj", "{FCCD86A7-AAB2-48CA-AA04-01433DCCF82A}"
EndProject
Global
	GlobalSection(SolutionConfigurationPlatforms) = preSolution
		Debug|Any CPU = Debug|Any CPU
		Release|Any CPU = Release|Any CPU
	EndGlobalSection
	GlobalSection(ProjectConfigurationPlatforms) = postSolution
		{FCCD86A7-AAB2-48CA-AA04-01433DCCF82A}.Debug|Any CPU.ActiveCfg = Debug|Any CPU
		{FCCD86A7-AAB2-48CA-AA04-01433DCCF82A}.Debug|Any CPU.Build.0 = Debug|Any CPU
		{FCCD86A7-AAB2-48CA-AA04-01433DCCF82A}.Release|Any CPU.ActiveCfg = Release|Any CPU
		{FCCD86A7-AAB2-48CA-AA04-01433DCCF82A}.Release|Any CPU.Build.0 = Release|Any CPU
	EndGlobalSection
	GlobalSection(SolutionProperties) = preSolution
		HideSolutionNode = FALSE
	EndGlobalSection
EndGlobal
